
Microsoft Visual Studio Solution File, Format Version 12.00
# Visual Studio 15
VisualStudioVersion = 15.0.27428.2037
MinimumVisualStudioVersion = 10.0.40219.1
Project("{FAE04EC0-301F-11D3-BF4B-00C04F79EFBC}") = "BoftInstagram", "BoftInstagram\BoftInstagram.csproj", "{058C7840-480A-4604-8E19-94B7E504585D}"
EndProject
Global
	GlobalSection(SolutionConfigurationPlatforms) = preSolution
		Debug|Any CPU = Debug|Any CPU
		Release|Any CPU = Release|Any CPU
	EndGlobalSection
	GlobalSection(ProjectConfigurationPlatforms) = postSolution
		{058C7840-480A-4604-8E19-94B7E504585D}.Debug|Any CPU.ActiveCfg = Debug|Any CPU
		{058C7840-480A-4604-8E19-94B7E504585D}.Debug|Any CPU.Build.0 = Debug|Any CPU
		{058C7840-480A-4604-8E19-94B7E504585D}.Release|Any CPU.ActiveCfg = Release|Any CPU
		{058C7840-480A-4604-8E19-94B7E504585D}.Release|Any CPU.Build.0 = Release|Any CPU
	EndGlobalSection
	GlobalSection(SolutionProperties) = preSolution
		HideSolutionNode = FALSE
	EndGlobalSection
	GlobalSection(ExtensibilityGlobals) = postSolution
		SolutionGuid = {042CDC5B-EAED-45B6-9B39-2656D31B27C0}
	EndGlobalSection
EndGlobal
